{
  "name": "@graphql-sse/apollo-client",
  "version": "0.0.19",
  "lockfileVersion": 1,
  "requires": true,
  "dependencies": {
    "@graphql-sse/client": {
      "version": "0.0.15",
      "resolved": "https://registry.npmjs.org/@graphql-sse/client/-/client-0.0.15.tgz",
      "integrity": "sha512-77SIv9BYMipX5glt2GqO9DVKKXC9KBHUdZEExLj0OMfD0xf2y0nnyj59Ssw9oclBPqbuvc99kLjU6Z9NR5emGw==",
      "requires": {
        "@microsoft/fetch-event-source": "^2.0.1"
      }
    },
    "@microsoft/fetch-event-source": {
      "version": "2.0.1",
      "resolved": "https://registry.npmjs.org/@microsoft/fetch-event-source/-/fetch-event-source-2.0.1.tgz",
      "integrity": "sha512-W6CLUJ2eBMw3Rec70qrsEW0jOm/3twwJv21mrmj2yORiaVmVYGS4sSS5yUwvQc1ZlDLYGPnClVWmUUMagKNsfA=="
    }
  }
}
