{
  "name": "@graphql-sse/express",
  "version": "0.0.12",
  "lockfileVersion": 1,
  "requires": true,
  "dependencies": {
    "@graphql-sse/server": {
      "version": "0.0.13",
      "resolved": "https://registry.npmjs.org/@graphql-sse/server/-/server-0.0.13.tgz",
      "integrity": "sha512-b5YXmDAD5iaKHMgAPuSopn4rudzWRQoLd993AMsPWYdKCOGeVN/7fcq67X7Q2JdqWWSsLlRExZmDd0/rGywuKA=="
    }
  }
}
